
Microsoft Visual Studio Solution File, Format Version 12.00
# Visual Studio 15
VisualStudioVersion = 15.0.27703.2042
MinimumVisualStudioVersion = 10.0.40219.1
Project("{FAE04EC0-301F-11D3-BF4B-00C04F79EFBC}") = "Example", "Example\Example.csproj", "{54337415-DBB3-40DC-B037-8447B0684FDD}"
EndProject
Global
	GlobalSection(SolutionConfigurationPlatforms) = preSolution
		Debug|Any CPU = Debug|Any CPU
		Release|Any CPU = Release|Any CPU
	EndGlobalSection
	GlobalSection(ProjectConfigurationPlatforms) = postSolution
		{54337415-DBB3-40DC-B037-8447B0684FDD}.Debug|Any CPU.ActiveCfg = Debug|Any CPU
		{54337415-DBB3-40DC-B037-8447B0684FDD}.Debug|Any CPU.Build.0 = Debug|Any CPU
		{54337415-DBB3-40DC-B037-8447B0684FDD}.Release|Any CPU.ActiveCfg = Release|Any CPU
		{54337415-DBB3-40DC-B037-8447B0684FDD}.Release|Any CPU.Build.0 = Release|Any CPU
	EndGlobalSection
	GlobalSection(SolutionProperties) = preSolution
		HideSolutionNode = FALSE
	EndGlobalSection
	GlobalSection(ExtensibilityGlobals) = postSolution
		SolutionGuid = {8E90EEE7-0F44-41B2-AF5C-D9D5C91D4E03}
	EndGlobalSection
EndGlobal
