
Microsoft Visual Studio Solution File, Format Version 12.00
# Visual Studio 15
VisualStudioVersion = 15.0.27130.2026
MinimumVisualStudioVersion = 10.0.40219.1
Project("{FAE04EC0-301F-11D3-BF4B-00C04F79EFBC}") = "Animation Example 2", "Animation Example 2\Animation Example 2.csproj", "{575CCEB1-5C3E-44F1-A2E3-9C92E7C688F4}"
EndProject
Global
	GlobalSection(SolutionConfigurationPlatforms) = preSolution
		Debug|Any CPU = Debug|Any CPU
		Release|Any CPU = Release|Any CPU
	EndGlobalSection
	GlobalSection(ProjectConfigurationPlatforms) = postSolution
		{575CCEB1-5C3E-44F1-A2E3-9C92E7C688F4}.Debug|Any CPU.ActiveCfg = Debug|Any CPU
		{575CCEB1-5C3E-44F1-A2E3-9C92E7C688F4}.Debug|Any CPU.Build.0 = Debug|Any CPU
		{575CCEB1-5C3E-44F1-A2E3-9C92E7C688F4}.Release|Any CPU.ActiveCfg = Release|Any CPU
		{575CCEB1-5C3E-44F1-A2E3-9C92E7C688F4}.Release|Any CPU.Build.0 = Release|Any CPU
	EndGlobalSection
	GlobalSection(SolutionProperties) = preSolution
		HideSolutionNode = FALSE
	EndGlobalSection
	GlobalSection(ExtensibilityGlobals) = postSolution
		SolutionGuid = {A022A69D-2D82-41E3-872D-9D67B1BCB6CD}
	EndGlobalSection
EndGlobal
