
Microsoft Visual Studio Solution File, Format Version 12.00
# Visual Studio 15
VisualStudioVersion = 15.0.27703.2042
MinimumVisualStudioVersion = 10.0.40219.1
Project("{FAE04EC0-301F-11D3-BF4B-00C04F79EFBC}") = "1Hoard It Banks", "1Hoard It Banks\1Hoard It Banks.csproj", "{D2F02BFA-FEC1-42F1-82B7-8F0D1CD7D0D1}"
EndProject
Global
	GlobalSection(SolutionConfigurationPlatforms) = preSolution
		Debug|Any CPU = Debug|Any CPU
		Release|Any CPU = Release|Any CPU
	EndGlobalSection
	GlobalSection(ProjectConfigurationPlatforms) = postSolution
		{D2F02BFA-FEC1-42F1-82B7-8F0D1CD7D0D1}.Debug|Any CPU.ActiveCfg = Debug|Any CPU
		{D2F02BFA-FEC1-42F1-82B7-8F0D1CD7D0D1}.Debug|Any CPU.Build.0 = Debug|Any CPU
		{D2F02BFA-FEC1-42F1-82B7-8F0D1CD7D0D1}.Release|Any CPU.ActiveCfg = Release|Any CPU
		{D2F02BFA-FEC1-42F1-82B7-8F0D1CD7D0D1}.Release|Any CPU.Build.0 = Release|Any CPU
	EndGlobalSection
	GlobalSection(SolutionProperties) = preSolution
		HideSolutionNode = FALSE
	EndGlobalSection
	GlobalSection(ExtensibilityGlobals) = postSolution
		SolutionGuid = {3DBD1E0E-1C47-4CD5-8EBD-79DBD19DE0C9}
	EndGlobalSection
EndGlobal
