
Microsoft Visual Studio Solution File, Format Version 12.00
# Visual Studio 15
VisualStudioVersion = 15.0.27703.2042
MinimumVisualStudioVersion = 10.0.40219.1
Project("{FAE04EC0-301F-11D3-BF4B-00C04F79EFBC}") = "4CelsiusToFahrenheit", "4CelsiusToFahrenheit\4CelsiusToFahrenheit.csproj", "{760E2F79-E34E-457C-A1AF-42200DEACAAD}"
EndProject
Global
	GlobalSection(SolutionConfigurationPlatforms) = preSolution
		Debug|Any CPU = Debug|Any CPU
		Release|Any CPU = Release|Any CPU
	EndGlobalSection
	GlobalSection(ProjectConfigurationPlatforms) = postSolution
		{760E2F79-E34E-457C-A1AF-42200DEACAAD}.Debug|Any CPU.ActiveCfg = Debug|Any CPU
		{760E2F79-E34E-457C-A1AF-42200DEACAAD}.Debug|Any CPU.Build.0 = Debug|Any CPU
		{760E2F79-E34E-457C-A1AF-42200DEACAAD}.Release|Any CPU.ActiveCfg = Release|Any CPU
		{760E2F79-E34E-457C-A1AF-42200DEACAAD}.Release|Any CPU.Build.0 = Release|Any CPU
	EndGlobalSection
	GlobalSection(SolutionProperties) = preSolution
		HideSolutionNode = FALSE
	EndGlobalSection
	GlobalSection(ExtensibilityGlobals) = postSolution
		SolutionGuid = {F5B3455A-2283-4BCD-9C0C-0A05917F8F9F}
	EndGlobalSection
EndGlobal
