
Microsoft Visual Studio Solution File, Format Version 12.00
# Visual Studio 15
VisualStudioVersion = 15.0.27703.2042
MinimumVisualStudioVersion = 10.0.40219.1
Project("{FAE04EC0-301F-11D3-BF4B-00C04F79EFBC}") = "4ChaseProgram", "4ChaseProgram\4ChaseProgram.csproj", "{DA53D289-9C2B-491B-8314-55AE79CEFC75}"
EndProject
Global
	GlobalSection(SolutionConfigurationPlatforms) = preSolution
		Debug|Any CPU = Debug|Any CPU
		Release|Any CPU = Release|Any CPU
	EndGlobalSection
	GlobalSection(ProjectConfigurationPlatforms) = postSolution
		{DA53D289-9C2B-491B-8314-55AE79CEFC75}.Debug|Any CPU.ActiveCfg = Debug|Any CPU
		{DA53D289-9C2B-491B-8314-55AE79CEFC75}.Debug|Any CPU.Build.0 = Debug|Any CPU
		{DA53D289-9C2B-491B-8314-55AE79CEFC75}.Release|Any CPU.ActiveCfg = Release|Any CPU
		{DA53D289-9C2B-491B-8314-55AE79CEFC75}.Release|Any CPU.Build.0 = Release|Any CPU
	EndGlobalSection
	GlobalSection(SolutionProperties) = preSolution
		HideSolutionNode = FALSE
	EndGlobalSection
	GlobalSection(ExtensibilityGlobals) = postSolution
		SolutionGuid = {77E18EB1-7A40-49B8-990B-9AA3BF0B11B8}
	EndGlobalSection
EndGlobal
